
Microsoft Visual Studio Solution File, Format Version 12.00
# Visual Studio Version 16
VisualStudioVersion = 16.0.31702.278
MinimumVisualStudioVersion = 10.0.40219.1
Project("{9A19103F-16F7-4668-BE54-9A1E7A4F7556}") = "WebApp", "WebApp\WebApp.csproj", "{77F822C6-5797-4AFC-81D6-E3415D2DE176}"
EndProject
Project("{9A19103F-16F7-4668-BE54-9A1E7A4F7556}") = "DataAccess", "DataAccess\DataAccess.csproj", "{26ACAD1C-5F47-4B7C-A776-92DCB77EAE34}"
EndProject
Global
	GlobalSection(SolutionConfigurationPlatforms) = preSolution
		Debug|Any CPU = Debug|Any CPU
		Release|Any CPU = Release|Any CPU
	EndGlobalSection
	GlobalSection(ProjectConfigurationPlatforms) = postSolution
		{77F822C6-5797-4AFC-81D6-E3415D2DE176}.Debug|Any CPU.ActiveCfg = Debug|Any CPU
		{77F822C6-5797-4AFC-81D6-E3415D2DE176}.Debug|Any CPU.Build.0 = Debug|Any CPU
		{77F822C6-5797-4AFC-81D6-E3415D2DE176}.Release|Any CPU.ActiveCfg = Release|Any CPU
		{77F822C6-5797-4AFC-81D6-E3415D2DE176}.Release|Any CPU.Build.0 = Release|Any CPU
		{26ACAD1C-5F47-4B7C-A776-92DCB77EAE34}.Debug|Any CPU.ActiveCfg = Debug|Any CPU
		{26ACAD1C-5F47-4B7C-A776-92DCB77EAE34}.Debug|Any CPU.Build.0 = Debug|Any CPU
		{26ACAD1C-5F47-4B7C-A776-92DCB77EAE34}.Release|Any CPU.ActiveCfg = Release|Any CPU
		{26ACAD1C-5F47-4B7C-A776-92DCB77EAE34}.Release|Any CPU.Build.0 = Release|Any CPU
	EndGlobalSection
	GlobalSection(SolutionProperties) = preSolution
		HideSolutionNode = FALSE
	EndGlobalSection
	GlobalSection(ExtensibilityGlobals) = postSolution
		SolutionGuid = {E3EA5D97-AEF6-4377-8DBD-85BE23B02032}
	EndGlobalSection
EndGlobal
